// !$*UTF8*$!
{
	archiveVersion = 1;
	classes = {
	};
	objectVersion = 46;
	objects = {

/* Begin PBXBuildFile section */
		45826BDF1E5C0FD80002EC8D /* SettimeAndDate1.swift in Sources */ = {isa = PBXBuildFile; fileRef = 45826BDE1E5C0FD80002EC8D /* SettimeAndDate1.swift */; };
		45BAA8E81E597B740036ECCE /* CustomTabBar.swift in Sources */ = {isa = PBXBuildFile; fileRef = 45BAA8E71E597B740036ECCE /* CustomTabBar.swift */; };
		45BAA8F01E5A13220036ECCE /* bckg.jpg in Resources */ = {isa = PBXBuildFile; fileRef = 45BAA8EF1E5A13220036ECCE /* bckg.jpg */; };
		45C23E071E583224006F0F31 /* ReportsViewController.swift in Sources */ = {isa = PBXBuildFile; fileRef = 45C23E061E583224006F0F31 /* ReportsViewController.swift */; };
		45C23E081E583224006F0F31 /* ReportsViewController.swift in Sources */ = {isa = PBXBuildFile; fileRef = 45C23E061E583224006F0F31 /* ReportsViewController.swift */; };
		45C23E091E583224006F0F31 /* ReportsViewController.swift in Sources */ = {isa = PBXBuildFile; fileRef = 45C23E061E583224006F0F31 /* ReportsViewController.swift */; };
		45C4D2D91E5E34DD00DD7624 /* dark.json in Resources */ = {isa = PBXBuildFile; fileRef = 45C4D2D81E5E34DD00DD7624 /* dark.json */; };
		45C8D0921E73D003006E306F /* DIYCalendarCell.swift in Sources */ = {isa = PBXBuildFile; fileRef = 45C8D0911E73D003006E306F /* DIYCalendarCell.swift */; };
		45C8D0941E754B80006E306F /* SettimeAndDate2.swift in Sources */ = {isa = PBXBuildFile; fileRef = 45C8D0931E754B80006E306F /* SettimeAndDate2.swift */; };
		45DE38A01E56DDC500026DB4 /* AppDelegate.swift in Sources */ = {isa = PBXBuildFile; fileRef = 45DE389F1E56DDC500026DB4 /* AppDelegate.swift */; };
		45DE38A21E56DDC500026DB4 /* FirstViewController.swift in Sources */ = {isa = PBXBuildFile; fileRef = 45DE38A11E56DDC500026DB4 /* FirstViewController.swift */; };
		45DE38A41E56DDC500026DB4 /* SecondViewController.swift in Sources */ = {isa = PBXBuildFile; fileRef = 45DE38A31E56DDC500026DB4 /* SecondViewController.swift */; };
		45DE38A71E56DDC500026DB4 /* Main.storyboard in Resources */ = {isa = PBXBuildFile; fileRef = 45DE38A51E56DDC500026DB4 /* Main.storyboard */; };
		45DE38A91E56DDC500026DB4 /* Assets.xcassets in Resources */ = {isa = PBXBuildFile; fileRef = 45DE38A81E56DDC500026DB4 /* Assets.xcassets */; };
		45DE38AC1E56DDC500026DB4 /* LaunchScreen.storyboard in Resources */ = {isa = PBXBuildFile; fileRef = 45DE38AA1E56DDC500026DB4 /* LaunchScreen.storyboard */; };
		45DE38B71E56DDC500026DB4 /* IranCompanyPanelTests.swift in Sources */ = {isa = PBXBuildFile; fileRef = 45DE38B61E56DDC500026DB4 /* IranCompanyPanelTests.swift */; };
		45DE38C21E56DDC500026DB4 /* IranCompanyPanelUITests.swift in Sources */ = {isa = PBXBuildFile; fileRef = 45DE38C11E56DDC500026DB4 /* IranCompanyPanelUITests.swift */; };
		5017683CF103838DD63F61EF /* Pods_IranCompanyPanel.framework in Frameworks */ = {isa = PBXBuildFile; fileRef = 5B0DF411F45174EC285E183D /* Pods_IranCompanyPanel.framework */; };
/* End PBXBuildFile section */

/* Begin PBXContainerItemProxy section */
		45DE38B31E56DDC500026DB4 /* PBXContainerItemProxy */ = {
			isa = PBXContainerItemProxy;
			containerPortal = 45DE38941E56DDC500026DB4 /* Project object */;
			proxyType = 1;
			remoteGlobalIDString = 45DE389B1E56DDC500026DB4;
			remoteInfo = IranCompanyPanel;
		};
		45DE38BE1E56DDC500026DB4 /* PBXContainerItemProxy */ = {
			isa = PBXContainerItemProxy;
			containerPortal = 45DE38941E56DDC500026DB4 /* Project object */;
			proxyType = 1;
			remoteGlobalIDString = 45DE389B1E56DDC500026DB4;
			remoteInfo = IranCompanyPanel;
		};
/* End PBXContainerItemProxy section */

/* Begin PBXFileReference section */
		45826BDE1E5C0FD80002EC8D /* SettimeAndDate1.swift */ = {isa = PBXFileReference; fileEncoding = 4; lastKnownFileType = sourcecode.swift; path = SettimeAndDate1.swift; sourceTree = "<group>"; };
		45AE3FC299D8C89862C4CE87 /* Pods-IranCompanyPanel.debug.xcconfig */ = {isa = PBXFileReference; includeInIndex = 1; lastKnownFileType = text.xcconfig; name = "Pods-IranCompanyPanel.debug.xcconfig"; path = "Pods/Target Support Files/Pods-IranCompanyPanel/Pods-IranCompanyPanel.debug.xcconfig"; sourceTree = "<group>"; };
		45BAA8E71E597B740036ECCE /* CustomTabBar.swift */ = {isa = PBXFileReference; fileEncoding = 4; lastKnownFileType = sourcecode.swift; path = CustomTabBar.swift; sourceTree = "<group>"; };
		45BAA8EF1E5A13220036ECCE /* bckg.jpg */ = {isa = PBXFileReference; lastKnownFileType = image.jpeg; path = bckg.jpg; sourceTree = "<group>"; };
		45C23E061E583224006F0F31 /* ReportsViewController.swift */ = {isa = PBXFileReference; fileEncoding = 4; lastKnownFileType = sourcecode.swift; name = ReportsViewController.swift; path = ../ReportsViewController.swift; sourceTree = "<group>"; };
		45C4D2D81E5E34DD00DD7624 /* dark.json */ = {isa = PBXFileReference; fileEncoding = 4; lastKnownFileType = text.json; path = dark.json; sourceTree = "<group>"; };
		45C8D0911E73D003006E306F /* DIYCalendarCell.swift */ = {isa = PBXFileReference; fileEncoding = 4; lastKnownFileType = sourcecode.swift; path = DIYCalendarCell.swift; sourceTree = "<group>"; };
		45C8D0931E754B80006E306F /* SettimeAndDate2.swift */ = {isa = PBXFileReference; fileEncoding = 4; lastKnownFileType = sourcecode.swift; path = SettimeAndDate2.swift; sourceTree = "<group>"; };
		45DE389C1E56DDC500026DB4 /* IranCompanyPanel.app */ = {isa = PBXFileReference; explicitFileType = wrapper.application; includeInIndex = 0; path = IranCompanyPanel.app; sourceTree = BUILT_PRODUCTS_DIR; };
		45DE389F1E56DDC500026DB4 /* AppDelegate.swift */ = {isa = PBXFileReference; lastKnownFileType = sourcecode.swift; path = AppDelegate.swift; sourceTree = "<group>"; };
		45DE38A11E56DDC500026DB4 /* FirstViewController.swift */ = {isa = PBXFileReference; lastKnownFileType = sourcecode.swift; path = FirstViewController.swift; sourceTree = "<group>"; };
		45DE38A31E56DDC500026DB4 /* SecondViewController.swift */ = {isa = PBXFileReference; lastKnownFileType = sourcecode.swift; path = SecondViewController.swift; sourceTree = "<group>"; };
		45DE38A61E56DDC500026DB4 /* Base */ = {isa = PBXFileReference; lastKnownFileType = file.storyboard; name = Base; path = Base.lproj/Main.storyboard; sourceTree = "<group>"; };
		45DE38A81E56DDC500026DB4 /* Assets.xcassets */ = {isa = PBXFileReference; lastKnownFileType = folder.assetcatalog; path = Assets.xcassets; sourceTree = "<group>"; };
		45DE38AB1E56DDC500026DB4 /* Base */ = {isa = PBXFileReference; lastKnownFileType = file.storyboard; name = Base; path = Base.lproj/LaunchScreen.storyboard; sourceTree = "<group>"; };
		45DE38AD1E56DDC500026DB4 /* Info.plist */ = {isa = PBXFileReference; lastKnownFileType = text.plist.xml; path = Info.plist; sourceTree = "<group>"; };
		45DE38B21E56DDC500026DB4 /* IranCompanyPanelTests.xctest */ = {isa = PBXFileReference; explicitFileType = wrapper.cfbundle; includeInIndex = 0; path = IranCompanyPanelTests.xctest; sourceTree = BUILT_PRODUCTS_DIR; };
		45DE38B61E56DDC500026DB4 /* IranCompanyPanelTests.swift */ = {isa = PBXFileReference; lastKnownFileType = sourcecode.swift; path = IranCompanyPanelTests.swift; sourceTree = "<group>"; };
		45DE38B81E56DDC500026DB4 /* Info.plist */ = {isa = PBXFileReference; lastKnownFileType = text.plist.xml; path = Info.plist; sourceTree = "<group>"; };
		45DE38BD1E56DDC500026DB4 /* IranCompanyPanelUITests.xctest */ = {isa = PBXFileReference; explicitFileType = wrapper.cfbundle; includeInIndex = 0; path = IranCompanyPanelUITests.xctest; sourceTree = BUILT_PRODUCTS_DIR; };
		45DE38C11E56DDC500026DB4 /* IranCompanyPanelUITests.swift */ = {isa = PBXFileReference; lastKnownFileType = sourcecode.swift; path = IranCompanyPanelUITests.swift; sourceTree = "<group>"; };
		45DE38C31E56DDC500026DB4 /* Info.plist */ = {isa = PBXFileReference; lastKnownFileType = text.plist.xml; path = Info.plist; sourceTree = "<group>"; };
		5B0DF411F45174EC285E183D /* Pods_IranCompanyPanel.framework */ = {isa = PBXFileReference; explicitFileType = wrapper.framework; includeInIndex = 0; path = Pods_IranCompanyPanel.framework; sourceTree = BUILT_PRODUCTS_DIR; };
		B77664FEFBAF79D3A5B4C7E0 /* Pods-IranCompanyPanel.release.xcconfig */ = {isa = PBXFileReference; includeInIndex = 1; lastKnownFileType = text.xcconfig; name = "Pods-IranCompanyPanel.release.xcconfig"; path = "Pods/Target Support Files/Pods-IranCompanyPanel/Pods-IranCompanyPanel.release.xcconfig"; sourceTree = "<group>"; };
/* End PBXFileReference section */

/* Begin PBXFrameworksBuildPhase section */
		45DE38991E56DDC500026DB4 /* Frameworks */ = {
			isa = PBXFrameworksBuildPhase;
			buildActionMask = 2147483647;
			files = (
				5017683CF103838DD63F61EF /* Pods_IranCompanyPanel.framework in Frameworks */,
			);
			runOnlyForDeploymentPostprocessing = 0;
		};
		45DE38AF1E56DDC500026DB4 /* Frameworks */ = {
			isa = PBXFrameworksBuildPhase;
			buildActionMask = 2147483647;
			files = (
			);
			runOnlyForDeploymentPostprocessing = 0;
		};
		45DE38BA1E56DDC500026DB4 /* Frameworks */ = {
			isa = PBXFrameworksBuildPhase;
			buildActionMask = 2147483647;
			files = (
			);
			runOnlyForDeploymentPostprocessing = 0;
		};
/* End PBXFrameworksBuildPhase section */

/* Begin PBXGroup section */
		1F33C38D70A5556DA0F13BB0 /* Pods */ = {
			isa = PBXGroup;
			children = (
				45AE3FC299D8C89862C4CE87 /* Pods-IranCompanyPanel.debug.xcconfig */,
				B77664FEFBAF79D3A5B4C7E0 /* Pods-IranCompanyPanel.release.xcconfig */,
			);
			name = Pods;
			sourceTree = "<group>";
		};
		45DE38931E56DDC500026DB4 = {
			isa = PBXGroup;
			children = (
				45DE38D71E56E2DA00026DB4 /* Icons */,
				45DE389E1E56DDC500026DB4 /* IranCompanyPanel */,
				45DE38B51E56DDC500026DB4 /* IranCompanyPanelTests */,
				45DE38C01E56DDC500026DB4 /* IranCompanyPanelUITests */,
				45DE389D1E56DDC500026DB4 /* Products */,
				1F33C38D70A5556DA0F13BB0 /* Pods */,
				9AFAAA556661C11910B47693 /* Frameworks */,
			);
			sourceTree = "<group>";
		};
		45DE389D1E56DDC500026DB4 /* Products */ = {
			isa = PBXGroup;
			children = (
				45DE389C1E56DDC500026DB4 /* IranCompanyPanel.app */,
				45DE38B21E56DDC500026DB4 /* IranCompanyPanelTests.xctest */,
				45DE38BD1E56DDC500026DB4 /* IranCompanyPanelUITests.xctest */,
			);
			name = Products;
			sourceTree = "<group>";
		};
		45DE389E1E56DDC500026DB4 /* IranCompanyPanel */ = {
			isa = PBXGroup;
			children = (
				45C4D2D81E5E34DD00DD7624 /* dark.json */,
				45C23E061E583224006F0F31 /* ReportsViewController.swift */,
				45DE389F1E56DDC500026DB4 /* AppDelegate.swift */,
				45BAA8EF1E5A13220036ECCE /* bckg.jpg */,
				45DE38A11E56DDC500026DB4 /* FirstViewController.swift */,
				45DE38A31E56DDC500026DB4 /* SecondViewController.swift */,
				45DE38A51E56DDC500026DB4 /* Main.storyboard */,
				45DE38A81E56DDC500026DB4 /* Assets.xcassets */,
				45DE38AA1E56DDC500026DB4 /* LaunchScreen.storyboard */,
				45DE38AD1E56DDC500026DB4 /* Info.plist */,
				45BAA8E71E597B740036ECCE /* CustomTabBar.swift */,
				45826BDE1E5C0FD80002EC8D /* SettimeAndDate1.swift */,
				45C8D0911E73D003006E306F /* DIYCalendarCell.swift */,
				45C8D0931E754B80006E306F /* SettimeAndDate2.swift */,
			);
			path = IranCompanyPanel;
			sourceTree = "<group>";
		};
		45DE38B51E56DDC500026DB4 /* IranCompanyPanelTests */ = {
			isa = PBXGroup;
			children = (
				45DE38B61E56DDC500026DB4 /* IranCompanyPanelTests.swift */,
				45DE38B81E56DDC500026DB4 /* Info.plist */,
			);
			path = IranCompanyPanelTests;
			sourceTree = "<group>";
		};
		45DE38C01E56DDC500026DB4 /* IranCompanyPanelUITests */ = {
			isa = PBXGroup;
			children = (
				45DE38C11E56DDC500026DB4 /* IranCompanyPanelUITests.swift */,
				45DE38C31E56DDC500026DB4 /* Info.plist */,
			);
			path = IranCompanyPanelUITests;
			sourceTree = "<group>";
		};
		45DE38D71E56E2DA00026DB4 /* Icons */ = {
			isa = PBXGroup;
			children = (
			);
			name = Icons;
			sourceTree = "<group>";
		};
		9AFAAA556661C11910B47693 /* Frameworks */ = {
			isa = PBXGroup;
			children = (
				5B0DF411F45174EC285E183D /* Pods_IranCompanyPanel.framework */,
			);
			name = Frameworks;
			sourceTree = "<group>";
		};
/* End PBXGroup section */

/* Begin PBXNativeTarget section */
		45DE389B1E56DDC500026DB4 /* IranCompanyPanel */ = {
			isa = PBXNativeTarget;
			buildConfigurationList = 45DE38C61E56DDC500026DB4 /* Build configuration list for PBXNativeTarget "IranCompanyPanel" */;
			buildPhases = (
				876A2915BACF16441402F07D /* [CP] Check Pods Manifest.lock */,
				45DE38981E56DDC500026DB4 /* Sources */,
				45DE38991E56DDC500026DB4 /* Frameworks */,
				45DE389A1E56DDC500026DB4 /* Resources */,
				7FF94E73FFD5205EC0B0A93B /* [CP] Embed Pods Frameworks */,
				CD090922DAE263DBC5153DE9 /* [CP] Copy Pods Resources */,
			);
			buildRules = (
			);
			dependencies = (
			);
			name = IranCompanyPanel;
			productName = IranCompanyPanel;
			productReference = 45DE389C1E56DDC500026DB4 /* IranCompanyPanel.app */;
			productType = "com.apple.product-type.application";
		};
		45DE38B11E56DDC500026DB4 /* IranCompanyPanelTests */ = {
			isa = PBXNativeTarget;
			buildConfigurationList = 45DE38C91E56DDC500026DB4 /* Build configuration list for PBXNativeTarget "IranCompanyPanelTests" */;
			buildPhases = (
				45DE38AE1E56DDC500026DB4 /* Sources */,
				45DE38AF1E56DDC500026DB4 /* Frameworks */,
				45DE38B01E56DDC500026DB4 /* Resources */,
			);
			buildRules = (
			);
			dependencies = (
				45DE38B41E56DDC500026DB4 /* PBXTargetDependency */,
			);
			name = IranCompanyPanelTests;
			productName = IranCompanyPanelTests;
			productReference = 45DE38B21E56DDC500026DB4 /* IranCompanyPanelTests.xctest */;
			productType = "com.apple.product-type.bundle.unit-test";
		};
		45DE38BC1E56DDC500026DB4 /* IranCompanyPanelUITests */ = {
			isa = PBXNativeTarget;
			buildConfigurationList = 45DE38CC1E56DDC500026DB4 /* Build configuration list for PBXNativeTarget "IranCompanyPanelUITests" */;
			buildPhases = (
				45DE38B91E56DDC500026DB4 /* Sources */,
				45DE38BA1E56DDC500026DB4 /* Frameworks */,
				45DE38BB1E56DDC500026DB4 /* Resources */,
			);
			buildRules = (
			);
			dependencies = (
				45DE38BF1E56DDC500026DB4 /* PBXTargetDependency */,
			);
			name = IranCompanyPanelUITests;
			productName = IranCompanyPanelUITests;
			productReference = 45DE38BD1E56DDC500026DB4 /* IranCompanyPanelUITests.xctest */;
			productType = "com.apple.product-type.bundle.ui-testing";
		};
/* End PBXNativeTarget section */

/* Begin PBXProject section */
		45DE38941E56DDC500026DB4 /* Project object */ = {
			isa = PBXProject;
			attributes = {
				LastSwiftUpdateCheck = 0820;
				LastUpgradeCheck = 0820;
				ORGANIZATIONNAME = Ryo;
				TargetAttributes = {
					45DE389B1E56DDC500026DB4 = {
						CreatedOnToolsVersion = 8.2.1;
						DevelopmentTeam = 657CJV6R3C;
						ProvisioningStyle = Automatic;
					};
					45DE38B11E56DDC500026DB4 = {
						CreatedOnToolsVersion = 8.2.1;
						DevelopmentTeam = 657CJV6R3C;
						ProvisioningStyle = Automatic;
						TestTargetID = 45DE389B1E56DDC500026DB4;
					};
					45DE38BC1E56DDC500026DB4 = {
						CreatedOnToolsVersion = 8.2.1;
						DevelopmentTeam = 657CJV6R3C;
						ProvisioningStyle = Automatic;
						TestTargetID = 45DE389B1E56DDC500026DB4;
					};
				};
			};
			buildConfigurationList = 45DE38971E56DDC500026DB4 /* Build configuration list for PBXProject "IranCompanyPanel" */;
			compatibilityVersion = "Xcode 3.2";
			developmentRegion = English;
			hasScannedForEncodings = 0;
			knownRegions = (
				en,
				Base,
			);
			mainGroup = 45DE38931E56DDC500026DB4;
			productRefGroup = 45DE389D1E56DDC500026DB4 /* Products */;
			projectDirPath = "";
			projectRoot = "";
			targets = (
				45DE389B1E56DDC500026DB4 /* IranCompanyPanel */,
				45DE38B11E56DDC500026DB4 /* IranCompanyPanelTests */,
				45DE38BC1E56DDC500026DB4 /* IranCompanyPanelUITests */,
			);
		};
/* End PBXProject section */

/* Begin PBXResourcesBuildPhase section */
		45DE389A1E56DDC500026DB4 /* Resources */ = {
			isa = PBXResourcesBuildPhase;
			buildActionMask = 2147483647;
			files = (
				45DE38AC1E56DDC500026DB4 /* LaunchScreen.storyboard in Resources */,
				45DE38A91E56DDC500026DB4 /* Assets.xcassets in Resources */,
				45BAA8F01E5A13220036ECCE /* bckg.jpg in Resources */,
				45C4D2D91E5E34DD00DD7624 /* dark.json in Resources */,
				45DE38A71E56DDC500026DB4 /* Main.storyboard in Resources */,
			);
			runOnlyForDeploymentPostprocessing = 0;
		};
		45DE38B01E56DDC500026DB4 /* Resources */ = {
			isa = PBXResourcesBuildPhase;
			buildActionMask = 2147483647;
			files = (
			);
			runOnlyForDeploymentPostprocessing = 0;
		};
		45DE38BB1E56DDC500026DB4 /* Resources */ = {
			isa = PBXResourcesBuildPhase;
			buildActionMask = 2147483647;
			files = (
			);
			runOnlyForDeploymentPostprocessing = 0;
		};
/* End PBXResourcesBuildPhase section */

/* Begin PBXShellScriptBuildPhase section */
		7FF94E73FFD5205EC0B0A93B /* [CP] Embed Pods Frameworks */ = {
			isa = PBXShellScriptBuildPhase;
			buildActionMask = 2147483647;
			files = (
			);
			inputPaths = (
			);
			name = "[CP] Embed Pods Frameworks";
			outputPaths = (
			);
			runOnlyForDeploymentPostprocessing = 0;
			shellPath = /bin/sh;
			shellScript = "\"${SRCROOT}/Pods/Target Support Files/Pods-IranCompanyPanel/Pods-IranCompanyPanel-frameworks.sh\"\n";
			showEnvVarsInLog = 0;
		};
		876A2915BACF16441402F07D /* [CP] Check Pods Manifest.lock */ = {
			isa = PBXShellScriptBuildPhase;
			buildActionMask = 2147483647;
			files = (
			);
			inputPaths = (
			);
			name = "[CP] Check Pods Manifest.lock";
			outputPaths = (
			);
			runOnlyForDeploymentPostprocessing = 0;
			shellPath = /bin/sh;
			shellScript = "diff \"${PODS_ROOT}/../Podfile.lock\" \"${PODS_ROOT}/Manifest.lock\" > /dev/null\nif [ $? != 0 ] ; then\n    # print error to STDERR\n    echo \"error: The sandbox is not in sync with the Podfile.lock. Run 'pod install' or update your CocoaPods installation.\" >&2\n    exit 1\nfi\n";
			showEnvVarsInLog = 0;
		};
		CD090922DAE263DBC5153DE9 /* [CP] Copy Pods Resources */ = {
			isa = PBXShellScriptBuildPhase;
			buildActionMask = 2147483647;
			files = (
			);
			inputPaths = (
			);
			name = "[CP] Copy Pods Resources";
			outputPaths = (
			);
			runOnlyForDeploymentPostprocessing = 0;
			shellPath = /bin/sh;
			shellScript = "\"${SRCROOT}/Pods/Target Support Files/Pods-IranCompanyPanel/Pods-IranCompanyPanel-resources.sh\"\n";
			showEnvVarsInLog = 0;
		};
/* End PBXShellScriptBuildPhase section */

/* Begin PBXSourcesBuildPhase section */
		45DE38981E56DDC500026DB4 /* Sources */ = {
			isa = PBXSourcesBuildPhase;
			buildActionMask = 2147483647;
			files = (
				45C23E071E583224006F0F31 /* ReportsViewController.swift in Sources */,
				45BAA8E81E597B740036ECCE /* CustomTabBar.swift in Sources */,
				45DE38A41E56DDC500026DB4 /* SecondViewController.swift in Sources */,
				45DE38A01E56DDC500026DB4 /* AppDelegate.swift in Sources */,
				45DE38A21E56DDC500026DB4 /* FirstViewController.swift in Sources */,
				45C8D0921E73D003006E306F /* DIYCalendarCell.swift in Sources */,
				45C8D0941E754B80006E306F /* SettimeAndDate2.swift in Sources */,
				45826BDF1E5C0FD80002EC8D /* SettimeAndDate1.swift in Sources */,
			);
			runOnlyForDeploymentPostprocessing = 0;
		};
		45DE38AE1E56DDC500026DB4 /* Sources */ = {
			isa = PBXSourcesBuildPhase;
			buildActionMask = 2147483647;
			files = (
				45C23E081E583224006F0F31 /* ReportsViewController.swift in Sources */,
				45DE38B71E56DDC500026DB4 /* IranCompanyPanelTests.swift in Sources */,
			);
			runOnlyForDeploymentPostprocessing = 0;
		};
		45DE38B91E56DDC500026DB4 /* Sources */ = {
			isa = PBXSourcesBuildPhase;
			buildActionMask = 2147483647;
			files = (
				45C23E091E583224006F0F31 /* ReportsViewController.swift in Sources */,
				45DE38C21E56DDC500026DB4 /* IranCompanyPanelUITests.swift in Sources */,
			);
			runOnlyForDeploymentPostprocessing = 0;
		};
/* End PBXSourcesBuildPhase section */

/* Begin PBXTargetDependency section */
		45DE38B41E56DDC500026DB4 /* PBXTargetDependency */ = {
			isa = PBXTargetDependency;
			target = 45DE389B1E56DDC500026DB4 /* IranCompanyPanel */;
			targetProxy = 45DE38B31E56DDC500026DB4 /* PBXContainerItemProxy */;
		};
		45DE38BF1E56DDC500026DB4 /* PBXTargetDependency */ = {
			isa = PBXTargetDependency;
			target = 45DE389B1E56DDC500026DB4 /* IranCompanyPanel */;
			targetProxy = 45DE38BE1E56DDC500026DB4 /* PBXContainerItemProxy */;
		};
/* End PBXTargetDependency section */

/* Begin PBXVariantGroup section */
		45DE38A51E56DDC500026DB4 /* Main.storyboard */ = {
			isa = PBXVariantGroup;
			children = (
				45DE38A61E56DDC500026DB4 /* Base */,
			);
			name = Main.storyboard;
			sourceTree = "<group>";
		};
		45DE38AA1E56DDC500026DB4 /* LaunchScreen.storyboard */ = {
			isa = PBXVariantGroup;
			children = (
				45DE38AB1E56DDC500026DB4 /* Base */,
			);
			name = LaunchScreen.storyboard;
			sourceTree = "<group>";
		};
/* End PBXVariantGroup section */

/* Begin XCBuildConfiguration section */
		45DE38C41E56DDC500026DB4 /* Debug */ = {
			isa = XCBuildConfiguration;
			buildSettings = {
				ALWAYS_SEARCH_USER_PATHS = NO;
				CLANG_ANALYZER_NONNULL = YES;
				CLANG_CXX_LANGUAGE_STANDARD = "gnu++0x";
				CLANG_CXX_LIBRARY = "libc++";
				CLANG_ENABLE_MODULES = YES;
				CLANG_ENABLE_OBJC_ARC = YES;
				CLANG_WARN_BOOL_CONVERSION = YES;
				CLANG_WARN_CONSTANT_CONVERSION = YES;
				CLANG_WARN_DIRECT_OBJC_ISA_USAGE = YES_ERROR;
				CLANG_WARN_DOCUMENTATION_COMMENTS = YES;
				CLANG_WARN_EMPTY_BODY = YES;
				CLANG_WARN_ENUM_CONVERSION = YES;
				CLANG_WARN_INFINITE_RECURSION = YES;
				CLANG_WARN_INT_CONVERSION = YES;
				CLANG_WARN_OBJC_ROOT_CLASS = YES_ERROR;
				CLANG_WARN_SUSPICIOUS_MOVE = YES;
				CLANG_WARN_UNREACHABLE_CODE = YES;
				CLANG_WARN__DUPLICATE_METHOD_MATCH = YES;
				"CODE_SIGN_IDENTITY[sdk=iphoneos*]" = "iPhone Developer";
				COPY_PHASE_STRIP = NO;
				DEBUG_INFORMATION_FORMAT = dwarf;
				ENABLE_STRICT_OBJC_MSGSEND = YES;
				ENABLE_TESTABILITY = YES;
				GCC_C_LANGUAGE_STANDARD = gnu99;
				GCC_DYNAMIC_NO_PIC = NO;
				GCC_NO_COMMON_BLOCKS = YES;
				GCC_OPTIMIZATION_LEVEL = 0;
				GCC_PREPROCESSOR_DEFINITIONS = (
					"DEBUG=1",
					"$(inherited)",
				);
				GCC_WARN_64_TO_32_BIT_CONVERSION = YES;
				GCC_WARN_ABOUT_RETURN_TYPE = YES_ERROR;
				GCC_WARN_UNDECLARED_SELECTOR = YES;
				GCC_WARN_UNINITIALIZED_AUTOS = YES_AGGRESSIVE;
				GCC_WARN_UNUSED_FUNCTION = YES;
				GCC_WARN_UNUSED_VARIABLE = YES;
				IPHONEOS_DEPLOYMENT_TARGET = 10.2;
				MTL_ENABLE_DEBUG_INFO = YES;
				ONLY_ACTIVE_ARCH = YES;
				SDKROOT = iphoneos;
				SWIFT_ACTIVE_COMPILATION_CONDITIONS = DEBUG;
				SWIFT_OPTIMIZATION_LEVEL = "-Onone";
			};
			name = Debug;
		};
		45DE38C51E56DDC500026DB4 /* Release */ = {
			isa = XCBuildConfiguration;
			buildSettings = {
				ALWAYS_SEARCH_USER_PATHS = NO;
				CLANG_ANALYZER_NONNULL = YES;
				CLANG_CXX_LANGUAGE_STANDARD = "gnu++0x";
				CLANG_CXX_LIBRARY = "libc++";
				CLANG_ENABLE_MODULES = YES;
				CLANG_ENABLE_OBJC_ARC = YES;
				CLANG_WARN_BOOL_CONVERSION = YES;
				CLANG_WARN_CONSTANT_CONVERSION = YES;
				CLANG_WARN_DIRECT_OBJC_ISA_USAGE = YES_ERROR;
				CLANG_WARN_DOCUMENTATION_COMMENTS = YES;
				CLANG_WARN_EMPTY_BODY = YES;
				CLANG_WARN_ENUM_CONVERSION = YES;
				CLANG_WARN_INFINITE_RECURSION = YES;
				CLANG_WARN_INT_CONVERSION = YES;
				CLANG_WARN_OBJC_ROOT_CLASS = YES_ERROR;
				CLANG_WARN_SUSPICIOUS_MOVE = YES;
				CLANG_WARN_UNREACHABLE_CODE = YES;
				CLANG_WARN__DUPLICATE_METHOD_MATCH = YES;
				"CODE_SIGN_IDENTITY[sdk=iphoneos*]" = "iPhone Developer";
				COPY_PHASE_STRIP = NO;
				DEBUG_INFORMATION_FORMAT = "dwarf-with-dsym";
				ENABLE_NS_ASSERTIONS = NO;
				ENABLE_STRICT_OBJC_MSGSEND = YES;
				GCC_C_LANGUAGE_STANDARD = gnu99;
				GCC_NO_COMMON_BLOCKS = YES;
				GCC_WARN_64_TO_32_BIT_CONVERSION = YES;
				GCC_WARN_ABOUT_RETURN_TYPE = YES_ERROR;
				GCC_WARN_UNDECLARED_SELECTOR = YES;
				GCC_WARN_UNINITIALIZED_AUTOS = YES_AGGRESSIVE;
				GCC_WARN_UNUSED_FUNCTION = YES;
				GCC_WARN_UNUSED_VARIABLE = YES;
				IPHONEOS_DEPLOYMENT_TARGET = 10.2;
				MTL_ENABLE_DEBUG_INFO = NO;
				SDKROOT = iphoneos;
				SWIFT_OPTIMIZATION_LEVEL = "-Owholemodule";
				VALIDATE_PRODUCT = YES;
			};
			name = Release;
		};
		45DE38C71E56DDC500026DB4 /* Debug */ = {
			isa = XCBuildConfiguration;
			baseConfigurationReference = 45AE3FC299D8C89862C4CE87 /* Pods-IranCompanyPanel.debug.xcconfig */;
			buildSettings = {
				ASSETCATALOG_COMPILER_APPICON_NAME = AppIcon;
				DEVELOPMENT_TEAM = 657CJV6R3C;
				INFOPLIST_FILE = IranCompanyPanel/Info.plist;
				LD_RUNPATH_SEARCH_PATHS = "$(inherited) @executable_path/Frameworks";
				PRODUCT_BUNDLE_IDENTIFIER = aryo.IranCompanyPanel;
				PRODUCT_NAME = "$(TARGET_NAME)";
				SWIFT_VERSION = 3.0;
				TARGETED_DEVICE_FAMILY = "1,2";
			};
			name = Debug;
		};
		45DE38C81E56DDC500026DB4 /* Release */ = {
			isa = XCBuildConfiguration;
			baseConfigurationReference = B77664FEFBAF79D3A5B4C7E0 /* Pods-IranCompanyPanel.release.xcconfig */;
			buildSettings = {
				ASSETCATALOG_COMPILER_APPICON_NAME = AppIcon;
				DEVELOPMENT_TEAM = 657CJV6R3C;
				INFOPLIST_FILE = IranCompanyPanel/Info.plist;
				LD_RUNPATH_SEARCH_PATHS = "$(inherited) @executable_path/Frameworks";
				PRODUCT_BUNDLE_IDENTIFIER = aryo.IranCompanyPanel;
				PRODUCT_NAME = "$(TARGET_NAME)";
				SWIFT_VERSION = 3.0;
				TARGETED_DEVICE_FAMILY = "1,2";
			};
			name = Release;
		};
		45DE38CA1E56DDC500026DB4 /* Debug */ = {
			isa = XCBuildConfiguration;
			buildSettings = {
				ALWAYS_EMBED_SWIFT_STANDARD_LIBRARIES = YES;
				BUNDLE_LOADER = "$(TEST_HOST)";
				DEVELOPMENT_TEAM = 657CJV6R3C;
				INFOPLIST_FILE = IranCompanyPanelTests/Info.plist;
				LD_RUNPATH_SEARCH_PATHS = "$(inherited) @executable_path/Frameworks @loader_path/Frameworks";
				PRODUCT_BUNDLE_IDENTIFIER = aryo.IranCompanyPanelTests;
				PRODUCT_NAME = "$(TARGET_NAME)";
				SWIFT_VERSION = 3.0;
				TEST_HOST = "$(BUILT_PRODUCTS_DIR)/IranCompanyPanel.app/IranCompanyPanel";
			};
			name = Debug;
		};
		45DE38CB1E56DDC500026DB4 /* Release */ = {
			isa = XCBuildConfiguration;
			buildSettings = {
				ALWAYS_EMBED_SWIFT_STANDARD_LIBRARIES = YES;
				BUNDLE_LOADER = "$(TEST_HOST)";
				DEVELOPMENT_TEAM = 657CJV6R3C;
				INFOPLIST_FILE = IranCompanyPanelTests/Info.plist;
				LD_RUNPATH_SEARCH_PATHS = "$(inherited) @executable_path/Frameworks @loader_path/Frameworks";
				PRODUCT_BUNDLE_IDENTIFIER = aryo.IranCompanyPanelTests;
				PRODUCT_NAME = "$(TARGET_NAME)";
				SWIFT_VERSION = 3.0;
				TEST_HOST = "$(BUILT_PRODUCTS_DIR)/IranCompanyPanel.app/IranCompanyPanel";
			};
			name = Release;
		};
		45DE38CD1E56DDC500026DB4 /* Debug */ = {
			isa = XCBuildConfiguration;
			buildSettings = {
				ALWAYS_EMBED_SWIFT_STANDARD_LIBRARIES = YES;
				DEVELOPMENT_TEAM = 657CJV6R3C;
				INFOPLIST_FILE = IranCompanyPanelUITests/Info.plist;
				LD_RUNPATH_SEARCH_PATHS = "$(inherited) @executable_path/Frameworks @loader_path/Frameworks";
				PRODUCT_BUNDLE_IDENTIFIER = aryo.IranCompanyPanelUITests;
				PRODUCT_NAME = "$(TARGET_NAME)";
				SWIFT_VERSION = 3.0;
				TEST_TARGET_NAME = IranCompanyPanel;
			};
			name = Debug;
		};
		45DE38CE1E56DDC500026DB4 /* Release */ = {
			isa = XCBuildConfiguration;
			buildSettings = {
				ALWAYS_EMBED_SWIFT_STANDARD_LIBRARIES = YES;
				DEVELOPMENT_TEAM = 657CJV6R3C;
				INFOPLIST_FILE = IranCompanyPanelUITests/Info.plist;
				LD_RUNPATH_SEARCH_PATHS = "$(inherited) @executable_path/Frameworks @loader_path/Frameworks";
				PRODUCT_BUNDLE_IDENTIFIER = aryo.IranCompanyPanelUITests;
				PRODUCT_NAME = "$(TARGET_NAME)";
				SWIFT_VERSION = 3.0;
				TEST_TARGET_NAME = IranCompanyPanel;
			};
			name = Release;
		};
/* End XCBuildConfiguration section */

/* Begin XCConfigurationList section */
		45DE38971E56DDC500026DB4 /* Build configuration list for PBXProject "IranCompanyPanel" */ = {
			isa = XCConfigurationList;
			buildConfigurations = (
				45DE38C41E56DDC500026DB4 /* Debug */,
				45DE38C51E56DDC500026DB4 /* Release */,
			);
			defaultConfigurationIsVisible = 0;
			defaultConfigurationName = Release;
		};
		45DE38C61E56DDC500026DB4 /* Build configuration list for PBXNativeTarget "IranCompanyPanel" */ = {
			isa = XCConfigurationList;
			buildConfigurations = (
				45DE38C71E56DDC500026DB4 /* Debug */,
				45DE38C81E56DDC500026DB4 /* Release */,
			);
			defaultConfigurationIsVisible = 0;
			defaultConfigurationName = Release;
		};
		45DE38C91E56DDC500026DB4 /* Build configuration list for PBXNativeTarget "IranCompanyPanelTests" */ = {
			isa = XCConfigurationList;
			buildConfigurations = (
				45DE38CA1E56DDC500026DB4 /* Debug */,
				45DE38CB1E56DDC500026DB4 /* Release */,
			);
			defaultConfigurationIsVisible = 0;
			defaultConfigurationName = Release;
		};
		45DE38CC1E56DDC500026DB4 /* Build configuration list for PBXNativeTarget "IranCompanyPanelUITests" */ = {
			isa = XCConfigurationList;
			buildConfigurations = (
				45DE38CD1E56DDC500026DB4 /* Debug */,
				45DE38CE1E56DDC500026DB4 /* Release */,
			);
			defaultConfigurationIsVisible = 0;
			defaultConfigurationName = Release;
		};
/* End XCConfigurationList section */
	};
	rootObject = 45DE38941E56DDC500026DB4 /* Project object */;
}
